
Microsoft Visual Studio Solution File, Format Version 12.00
# Visual Studio Version 17
VisualStudioVersion = 17.10.35027.167
MinimumVisualStudioVersion = 10.0.40219.1
Project("{FAE04EC0-301F-11D3-BF4B-00C04F79EFBC}") = "Out-Assignment", "Out-Assignment\Out-Assignment.csproj", "{28EB1C4A-5183-4379-8CCD-C625661D8345}"
EndProject
Global
	GlobalSection(SolutionConfigurationPlatforms) = preSolution
		Debug|Any CPU = Debug|Any CPU
		Release|Any CPU = Release|Any CPU
	EndGlobalSection
	GlobalSection(ProjectConfigurationPlatforms) = postSolution
		{28EB1C4A-5183-4379-8CCD-C625661D8345}.Debug|Any CPU.ActiveCfg = Debug|Any CPU
		{28EB1C4A-5183-4379-8CCD-C625661D8345}.Debug|Any CPU.Build.0 = Debug|Any CPU
		{28EB1C4A-5183-4379-8CCD-C625661D8345}.Release|Any CPU.ActiveCfg = Release|Any CPU
		{28EB1C4A-5183-4379-8CCD-C625661D8345}.Release|Any CPU.Build.0 = Release|Any CPU
	EndGlobalSection
	GlobalSection(SolutionProperties) = preSolution
		HideSolutionNode = FALSE
	EndGlobalSection
	GlobalSection(ExtensibilityGlobals) = postSolution
		SolutionGuid = {05BA4972-C8DF-4831-A2D2-9A9192D675ED}
	EndGlobalSection
EndGlobal
